
Microsoft Visual Studio Solution File, Format Version 12.00
# Visual Studio Version 17
VisualStudioVersion = 17.0.31903.59
MinimumVisualStudioVersion = 10.0.40219.1
Project("{FAE04EC0-301F-11D3-BF4B-00C04F79EFBC}") = "StaticApp", "StaticApp\StaticApp.csproj", "{EBEA4BD7-5DA3-473C-BB57-25AA0A73BCAE}"
EndProject
Project("{FAE04EC0-301F-11D3-BF4B-00C04F79EFBC}") = "SharedComponents", "SharedComponents\SharedComponents.csproj", "{A176BA64-450B-4658-8264-68A4E99AEE89}"
EndProject
Global
	GlobalSection(SolutionConfigurationPlatforms) = preSolution
		Debug|Any CPU = Debug|Any CPU
		Release|Any CPU = Release|Any CPU
	EndGlobalSection
	GlobalSection(ProjectConfigurationPlatforms) = postSolution
		{EBEA4BD7-5DA3-473C-BB57-25AA0A73BCAE}.Debug|Any CPU.ActiveCfg = Debug|Any CPU
		{EBEA4BD7-5DA3-473C-BB57-25AA0A73BCAE}.Debug|Any CPU.Build.0 = Debug|Any CPU
		{EBEA4BD7-5DA3-473C-BB57-25AA0A73BCAE}.Release|Any CPU.ActiveCfg = Release|Any CPU
		{EBEA4BD7-5DA3-473C-BB57-25AA0A73BCAE}.Release|Any CPU.Build.0 = Release|Any CPU
		{A176BA64-450B-4658-8264-68A4E99AEE89}.Debug|Any CPU.ActiveCfg = Debug|Any CPU
		{A176BA64-450B-4658-8264-68A4E99AEE89}.Debug|Any CPU.Build.0 = Debug|Any CPU
		{A176BA64-450B-4658-8264-68A4E99AEE89}.Release|Any CPU.ActiveCfg = Release|Any CPU
		{A176BA64-450B-4658-8264-68A4E99AEE89}.Release|Any CPU.Build.0 = Release|Any CPU
	EndGlobalSection
	GlobalSection(SolutionProperties) = preSolution
		HideSolutionNode = FALSE
	EndGlobalSection
EndGlobal
